
Microsoft Visual Studio Solution File, Format Version 12.00
# Visual Studio Version 17
VisualStudioVersion = 17.13.35919.96 d17.13
MinimumVisualStudioVersion = 10.0.40219.1
Project("{FAE04EC0-301F-11D3-BF4B-00C04F79EFBC}") = "escpos", "escpos\escpos.csproj", "{9C1B8A39-2389-49CA-ADFF-F3C1CFC14E29}"
EndProject
Global
	GlobalSection(SolutionConfigurationPlatforms) = preSolution
		Debug|Any CPU = Debug|Any CPU
		Release|Any CPU = Release|Any CPU
	EndGlobalSection
	GlobalSection(ProjectConfigurationPlatforms) = postSolution
		{9C1B8A39-2389-49CA-ADFF-F3C1CFC14E29}.Debug|Any CPU.ActiveCfg = Debug|Any CPU
		{9C1B8A39-2389-49CA-ADFF-F3C1CFC14E29}.Debug|Any CPU.Build.0 = Debug|Any CPU
		{9C1B8A39-2389-49CA-ADFF-F3C1CFC14E29}.Release|Any CPU.ActiveCfg = Release|Any CPU
		{9C1B8A39-2389-49CA-ADFF-F3C1CFC14E29}.Release|Any CPU.Build.0 = Release|Any CPU
	EndGlobalSection
	GlobalSection(SolutionProperties) = preSolution
		HideSolutionNode = FALSE
	EndGlobalSection
	GlobalSection(ExtensibilityGlobals) = postSolution
		SolutionGuid = {0C172893-AA25-4F8B-BFF2-D0537D6CAB01}
	EndGlobalSection
EndGlobal
